
Microsoft Visual Studio Solution File, Format Version 12.00
# Visual Studio 15
VisualStudioVersion = 15.0.27703.2042
MinimumVisualStudioVersion = 10.0.40219.1
Project("{2150E333-8FDC-42A3-9474-1A3956D46DE8}") = "Integracao90ti.Main", "Integracao90ti.Main", "{DB03877A-DA86-4C1F-9633-1D39D9962BC5}"
EndProject
Project("{2150E333-8FDC-42A3-9474-1A3956D46DE8}") = "Integracao90ti.Persistencia", "Integracao90ti.Persistencia", "{9E36AB49-C478-4F45-ADDB-E0EBF3B62114}"
EndProject
Project("{2150E333-8FDC-42A3-9474-1A3956D46DE8}") = "Integracao90ti.Dominio", "Integracao90ti.Dominio", "{B6F849CB-8FF5-4944-A465-39C80A9A7940}"
EndProject
Project("{2150E333-8FDC-42A3-9474-1A3956D46DE8}") = "Integracao90ti.Comum", "Integracao90ti.Comum", "{921EF759-A49D-40D4-8D41-720143ACC1BD}"
EndProject
Project("{2150E333-8FDC-42A3-9474-1A3956D46DE8}") = "Integracao90ti.Utils", "Integracao90ti.Utils", "{5F41A28E-D09C-4354-B65D-447209A22D7F}"
EndProject
Project("{FAE04EC0-301F-11D3-BF4B-00C04F79EFBC}") = "Main", "Integracao90ti.Main\Main\Main.csproj", "{04C6F418-673B-462C-A57A-52C4ED6B199E}"
EndProject
Project("{FAE04EC0-301F-11D3-BF4B-00C04F79EFBC}") = "Comum", "Integracao90ti.Comum\Comum\Comum.csproj", "{D63B3B3D-03FF-40D2-AB2A-9A8D425486E2}"
EndProject
Project("{FAE04EC0-301F-11D3-BF4B-00C04F79EFBC}") = "Dominio", "Integracao90ti.Dominio\Dominio\Dominio.csproj", "{1D4D39C8-B3BE-48FD-9AFC-D2D03663D11D}"
EndProject
Project("{FAE04EC0-301F-11D3-BF4B-00C04F79EFBC}") = "Persistencia", "Integracao90ti.Persistencia\Persistencia\Persistencia.csproj", "{6CF1D3FC-80B9-41A8-AE59-C914D059FACC}"
EndProject
Project("{FAE04EC0-301F-11D3-BF4B-00C04F79EFBC}") = "Utils", "Integracao90ti.Utils\Utils\Utils.csproj", "{5FA3BB66-347C-4722-B944-CD438901AAD6}"
EndProject
Project("{2150E333-8FDC-42A3-9474-1A3956D46DE8}") = "Mapeamento", "Mapeamento", "{F0A63A50-2256-453D-BDFE-9D44D4F77E9F}"
	ProjectSection(SolutionItems) = preProject
		Integracao90ti.Persistencia\Mapeamento\InsumoMap.cs = Integracao90ti.Persistencia\Mapeamento\InsumoMap.cs
	EndProjectSection
EndProject
Project("{2150E333-8FDC-42A3-9474-1A3956D46DE8}") = "ConfiguracaoServidor", "ConfiguracaoServidor", "{9B1AAB65-8315-4510-8A90-F37EE26C8FCF}"
	ProjectSection(SolutionItems) = preProject
		Integracao90ti.Persistencia\ConfiguracaoServidor\ConfiguracaoBaseServidor.cs = Integracao90ti.Persistencia\ConfiguracaoServidor\ConfiguracaoBaseServidor.cs
		Integracao90ti.Persistencia\ConfiguracaoServidor\ConfiguracaoServidor.cs = Integracao90ti.Persistencia\ConfiguracaoServidor\ConfiguracaoServidor.cs
		Integracao90ti.Persistencia\ConfiguracaoServidor\TemplateBaseConfiguracao.cs = Integracao90ti.Persistencia\ConfiguracaoServidor\TemplateBaseConfiguracao.cs
		Integracao90ti.Persistencia\ConfiguracaoServidor\TemplateConfiguracao.cs = Integracao90ti.Persistencia\ConfiguracaoServidor\TemplateConfiguracao.cs
	EndProjectSection
EndProject
Project("{2150E333-8FDC-42A3-9474-1A3956D46DE8}") = "Repositorio", "Repositorio", "{513C7BFF-445A-4DCA-B9FD-6D69F5BE0E8E}"
	ProjectSection(SolutionItems) = preProject
		Integracao90ti.Persistencia\Repositorio\InsumoRepositorio.cs = Integracao90ti.Persistencia\Repositorio\InsumoRepositorio.cs
	EndProjectSection
EndProject
Project("{2150E333-8FDC-42A3-9474-1A3956D46DE8}") = "Generico", "Generico", "{89E5F6B0-343A-49EE-BF4C-EAF30DB74033}"
	ProjectSection(SolutionItems) = preProject
		Integracao90ti.Persistencia\Repositorio\Generico\RepositorioGenerico.cs = Integracao90ti.Persistencia\Repositorio\Generico\RepositorioGenerico.cs
	EndProjectSection
EndProject
Project("{FAE04EC0-301F-11D3-BF4B-00C04F79EFBC}") = "Enum", "Integracao90ti.Comum\Enumerator\Enum\Enum.csproj", "{9FCA8E11-E251-4647-B0FA-C01047FEE681}"
EndProject
Global
	GlobalSection(SolutionConfigurationPlatforms) = preSolution
		Debug|Any CPU = Debug|Any CPU
		Release|Any CPU = Release|Any CPU
	EndGlobalSection
	GlobalSection(ProjectConfigurationPlatforms) = postSolution
		{04C6F418-673B-462C-A57A-52C4ED6B199E}.Debug|Any CPU.ActiveCfg = Debug|Any CPU
		{04C6F418-673B-462C-A57A-52C4ED6B199E}.Debug|Any CPU.Build.0 = Debug|Any CPU
		{04C6F418-673B-462C-A57A-52C4ED6B199E}.Release|Any CPU.ActiveCfg = Release|Any CPU
		{04C6F418-673B-462C-A57A-52C4ED6B199E}.Release|Any CPU.Build.0 = Release|Any CPU
		{D63B3B3D-03FF-40D2-AB2A-9A8D425486E2}.Debug|Any CPU.ActiveCfg = Debug|Any CPU
		{D63B3B3D-03FF-40D2-AB2A-9A8D425486E2}.Debug|Any CPU.Build.0 = Debug|Any CPU
		{D63B3B3D-03FF-40D2-AB2A-9A8D425486E2}.Release|Any CPU.ActiveCfg = Release|Any CPU
		{D63B3B3D-03FF-40D2-AB2A-9A8D425486E2}.Release|Any CPU.Build.0 = Release|Any CPU
		{1D4D39C8-B3BE-48FD-9AFC-D2D03663D11D}.Debug|Any CPU.ActiveCfg = Debug|Any CPU
		{1D4D39C8-B3BE-48FD-9AFC-D2D03663D11D}.Debug|Any CPU.Build.0 = Debug|Any CPU
		{1D4D39C8-B3BE-48FD-9AFC-D2D03663D11D}.Release|Any CPU.ActiveCfg = Release|Any CPU
		{1D4D39C8-B3BE-48FD-9AFC-D2D03663D11D}.Release|Any CPU.Build.0 = Release|Any CPU
		{6CF1D3FC-80B9-41A8-AE59-C914D059FACC}.Debug|Any CPU.ActiveCfg = Debug|Any CPU
		{6CF1D3FC-80B9-41A8-AE59-C914D059FACC}.Debug|Any CPU.Build.0 = Debug|Any CPU
		{6CF1D3FC-80B9-41A8-AE59-C914D059FACC}.Release|Any CPU.ActiveCfg = Release|Any CPU
		{6CF1D3FC-80B9-41A8-AE59-C914D059FACC}.Release|Any CPU.Build.0 = Release|Any CPU
		{5FA3BB66-347C-4722-B944-CD438901AAD6}.Debug|Any CPU.ActiveCfg = Debug|Any CPU
		{5FA3BB66-347C-4722-B944-CD438901AAD6}.Debug|Any CPU.Build.0 = Debug|Any CPU
		{5FA3BB66-347C-4722-B944-CD438901AAD6}.Release|Any CPU.ActiveCfg = Release|Any CPU
		{5FA3BB66-347C-4722-B944-CD438901AAD6}.Release|Any CPU.Build.0 = Release|Any CPU
		{9FCA8E11-E251-4647-B0FA-C01047FEE681}.Debug|Any CPU.ActiveCfg = Debug|Any CPU
		{9FCA8E11-E251-4647-B0FA-C01047FEE681}.Debug|Any CPU.Build.0 = Debug|Any CPU
		{9FCA8E11-E251-4647-B0FA-C01047FEE681}.Release|Any CPU.ActiveCfg = Release|Any CPU
		{9FCA8E11-E251-4647-B0FA-C01047FEE681}.Release|Any CPU.Build.0 = Release|Any CPU
	EndGlobalSection
	GlobalSection(SolutionProperties) = preSolution
		HideSolutionNode = FALSE
	EndGlobalSection
	GlobalSection(NestedProjects) = preSolution
		{04C6F418-673B-462C-A57A-52C4ED6B199E} = {DB03877A-DA86-4C1F-9633-1D39D9962BC5}
		{D63B3B3D-03FF-40D2-AB2A-9A8D425486E2} = {921EF759-A49D-40D4-8D41-720143ACC1BD}
		{1D4D39C8-B3BE-48FD-9AFC-D2D03663D11D} = {B6F849CB-8FF5-4944-A465-39C80A9A7940}
		{6CF1D3FC-80B9-41A8-AE59-C914D059FACC} = {9E36AB49-C478-4F45-ADDB-E0EBF3B62114}
		{5FA3BB66-347C-4722-B944-CD438901AAD6} = {5F41A28E-D09C-4354-B65D-447209A22D7F}
		{F0A63A50-2256-453D-BDFE-9D44D4F77E9F} = {9E36AB49-C478-4F45-ADDB-E0EBF3B62114}
		{9B1AAB65-8315-4510-8A90-F37EE26C8FCF} = {9E36AB49-C478-4F45-ADDB-E0EBF3B62114}
		{513C7BFF-445A-4DCA-B9FD-6D69F5BE0E8E} = {9E36AB49-C478-4F45-ADDB-E0EBF3B62114}
		{89E5F6B0-343A-49EE-BF4C-EAF30DB74033} = {513C7BFF-445A-4DCA-B9FD-6D69F5BE0E8E}
		{9FCA8E11-E251-4647-B0FA-C01047FEE681} = {921EF759-A49D-40D4-8D41-720143ACC1BD}
	EndGlobalSection
	GlobalSection(ExtensibilityGlobals) = postSolution
		SolutionGuid = {5823E3D4-9CE6-421A-B93E-3A1CA8C52CA5}
	EndGlobalSection
EndGlobal
